{
  "name": "m-boilerplate",
  "version": "0.0.0",
  "lockfileVersion": 1,
  "requires": true,
  "dependencies": {
    "mbjs": {
      "version": "0.0.0",
      "resolved": "https://registry.npmjs.org/mbjs/-/mbjs-0.0.0.tgz",
      "integrity": "sha512-8HpztGSzkk+xt/5hPd6nEjW+euVoBOM6Zcd0e3W4lVp85fwn20st0aiBVwe64q9COV9RhcCxRsrYai/0fw+BCQ=="
    }
  }
}
